// !$*UTF8*$!
{
	archiveVersion = 1;
	classes = {
	};
	objectVersion = 50;
	objects = {

/* Begin PBXBuildFile section */
		A7C4CDAB26C325780026414E /* AppDelegate.swift in Sources */ = {isa = PBXBuildFile; fileRef = A7C4CDAA26C325780026414E /* AppDelegate.swift */; };
		A7C4CDAD26C325780026414E /* SceneDelegate.swift in Sources */ = {isa = PBXBuildFile; fileRef = A7C4CDAC26C325780026414E /* SceneDelegate.swift */; };
		A7C4CDAF26C325780026414E /* ViewController.swift in Sources */ = {isa = PBXBuildFile; fileRef = A7C4CDAE26C325780026414E /* ViewController.swift */; };
		A7C4CDB226C325780026414E /* Main.storyboard in Resources */ = {isa = PBXBuildFile; fileRef = A7C4CDB026C325780026414E /* Main.storyboard */; };
		A7C4CDB526C325780026414E /* Weather_to_Be.xcdatamodeld in Sources */ = {isa = PBXBuildFile; fileRef = A7C4CDB326C325780026414E /* Weather_to_Be.xcdatamodeld */; };
		A7C4CDB726C3257A0026414E /* Assets.xcassets in Resources */ = {isa = PBXBuildFile; fileRef = A7C4CDB626C3257A0026414E /* Assets.xcassets */; };
		A7C4CDBA26C3257A0026414E /* LaunchScreen.storyboard in Resources */ = {isa = PBXBuildFile; fileRef = A7C4CDB826C3257A0026414E /* LaunchScreen.storyboard */; };
		A7C4CDC826C343430026414E /* HomeViewController.swift in Sources */ = {isa = PBXBuildFile; fileRef = A7C4CDC726C343430026414E /* HomeViewController.swift */; };
		A7C4CDCA26C3435F0026414E /* SearchViewController.swift in Sources */ = {isa = PBXBuildFile; fileRef = A7C4CDC926C3435F0026414E /* SearchViewController.swift */; };
		A7C4CDCE26C343ED0026414E /* FavoritesViewController.swift in Sources */ = {isa = PBXBuildFile; fileRef = A7C4CDCD26C343ED0026414E /* FavoritesViewController.swift */; };
		A7C4CDD326C351930026414E /* WeatherManager.swift in Sources */ = {isa = PBXBuildFile; fileRef = A7C4CDD226C351930026414E /* WeatherManager.swift */; };
		A7C4CDD526C351B50026414E /* WeatherData.swift in Sources */ = {isa = PBXBuildFile; fileRef = A7C4CDD426C351B50026414E /* WeatherData.swift */; };
		A7C4CDD726C351D00026414E /* WeatherModel.swift in Sources */ = {isa = PBXBuildFile; fileRef = A7C4CDD626C351D00026414E /* WeatherModel.swift */; };
/* End PBXBuildFile section */

/* Begin PBXFileReference section */
		A7C4CDA726C325780026414E /* Weather to Be.app */ = {isa = PBXFileReference; explicitFileType = wrapper.application; includeInIndex = 0; path = "Weather to Be.app"; sourceTree = BUILT_PRODUCTS_DIR; };
		A7C4CDAA26C325780026414E /* AppDelegate.swift */ = {isa = PBXFileReference; lastKnownFileType = sourcecode.swift; path = AppDelegate.swift; sourceTree = "<group>"; };
		A7C4CDAC26C325780026414E /* SceneDelegate.swift */ = {isa = PBXFileReference; lastKnownFileType = sourcecode.swift; path = SceneDelegate.swift; sourceTree = "<group>"; };
		A7C4CDAE26C325780026414E /* ViewController.swift */ = {isa = PBXFileReference; lastKnownFileType = sourcecode.swift; path = ViewController.swift; sourceTree = "<group>"; };
		A7C4CDB126C325780026414E /* Base */ = {isa = PBXFileReference; lastKnownFileType = file.storyboard; name = Base; path = Base.lproj/Main.storyboard; sourceTree = "<group>"; };
		A7C4CDB426C325780026414E /* Weather_to_Be.xcdatamodel */ = {isa = PBXFileReference; lastKnownFileType = wrapper.xcdatamodel; path = Weather_to_Be.xcdatamodel; sourceTree = "<group>"; };
		A7C4CDB626C3257A0026414E /* Assets.xcassets */ = {isa = PBXFileReference; lastKnownFileType = folder.assetcatalog; path = Assets.xcassets; sourceTree = "<group>"; };
		A7C4CDB926C3257A0026414E /* Base */ = {isa = PBXFileReference; lastKnownFileType = file.storyboard; name = Base; path = Base.lproj/LaunchScreen.storyboard; sourceTree = "<group>"; };
		A7C4CDBB26C3257A0026414E /* Info.plist */ = {isa = PBXFileReference; lastKnownFileType = text.plist.xml; path = Info.plist; sourceTree = "<group>"; };
		A7C4CDC726C343430026414E /* HomeViewController.swift */ = {isa = PBXFileReference; lastKnownFileType = sourcecode.swift; path = HomeViewController.swift; sourceTree = "<group>"; };
		A7C4CDC926C3435F0026414E /* SearchViewController.swift */ = {isa = PBXFileReference; lastKnownFileType = sourcecode.swift; path = SearchViewController.swift; sourceTree = "<group>"; };
		A7C4CDCD26C343ED0026414E /* FavoritesViewController.swift */ = {isa = PBXFileReference; lastKnownFileType = sourcecode.swift; path = FavoritesViewController.swift; sourceTree = "<group>"; };
		A7C4CDD226C351930026414E /* WeatherManager.swift */ = {isa = PBXFileReference; lastKnownFileType = sourcecode.swift; path = WeatherManager.swift; sourceTree = "<group>"; };
		A7C4CDD426C351B50026414E /* WeatherData.swift */ = {isa = PBXFileReference; lastKnownFileType = sourcecode.swift; path = WeatherData.swift; sourceTree = "<group>"; };
		A7C4CDD626C351D00026414E /* WeatherModel.swift */ = {isa = PBXFileReference; lastKnownFileType = sourcecode.swift; path = WeatherModel.swift; sourceTree = "<group>"; };
/* End PBXFileReference section */

/* Begin PBXFrameworksBuildPhase section */
		A7C4CDA426C325780026414E /* Frameworks */ = {
			isa = PBXFrameworksBuildPhase;
			buildActionMask = 2147483647;
			files = (
			);
			runOnlyForDeploymentPostprocessing = 0;
		};
/* End PBXFrameworksBuildPhase section */

/* Begin PBXGroup section */
		A7C4CD9E26C325780026414E = {
			isa = PBXGroup;
			children = (
				A7C4CDA926C325780026414E /* Weather to Be */,
				A7C4CDA826C325780026414E /* Products */,
			);
			sourceTree = "<group>";
		};
		A7C4CDA826C325780026414E /* Products */ = {
			isa = PBXGroup;
			children = (
				A7C4CDA726C325780026414E /* Weather to Be.app */,
			);
			name = Products;
			sourceTree = "<group>";
		};
		A7C4CDA926C325780026414E /* Weather to Be */ = {
			isa = PBXGroup;
			children = (
				A7C4CDD126C3495D0026414E /* Model */,
				A7C4CDCF26C349440026414E /* View */,
				A7C4CDD026C349500026414E /* Controller */,
				A7C4CDAA26C325780026414E /* AppDelegate.swift */,
				A7C4CDAC26C325780026414E /* SceneDelegate.swift */,
				A7C4CDAE26C325780026414E /* ViewController.swift */,
				A7C4CDB626C3257A0026414E /* Assets.xcassets */,
				A7C4CDB826C3257A0026414E /* LaunchScreen.storyboard */,
				A7C4CDBB26C3257A0026414E /* Info.plist */,
				A7C4CDB326C325780026414E /* Weather_to_Be.xcdatamodeld */,
			);
			path = "Weather to Be";
			sourceTree = "<group>";
		};
		A7C4CDCF26C349440026414E /* View */ = {
			isa = PBXGroup;
			children = (
				A7C4CDB026C325780026414E /* Main.storyboard */,
			);
			path = View;
			sourceTree = "<group>";
		};
		A7C4CDD026C349500026414E /* Controller */ = {
			isa = PBXGroup;
			children = (
				A7C4CDC926C3435F0026414E /* SearchViewController.swift */,
				A7C4CDC726C343430026414E /* HomeViewController.swift */,
				A7C4CDCD26C343ED0026414E /* FavoritesViewController.swift */,
			);
			path = Controller;
			sourceTree = "<group>";
		};
		A7C4CDD126C3495D0026414E /* Model */ = {
			isa = PBXGroup;
			children = (
				A7C4CDD226C351930026414E /* WeatherManager.swift */,
				A7C4CDD626C351D00026414E /* WeatherModel.swift */,
				A7C4CDD426C351B50026414E /* WeatherData.swift */,
			);
			path = Model;
			sourceTree = "<group>";
		};
/* End PBXGroup section */

/* Begin PBXNativeTarget section */
		A7C4CDA626C325780026414E /* Weather to Be */ = {
			isa = PBXNativeTarget;
			buildConfigurationList = A7C4CDBE26C3257A0026414E /* Build configuration list for PBXNativeTarget "Weather to Be" */;
			buildPhases = (
				A7C4CDA326C325780026414E /* Sources */,
				A7C4CDA426C325780026414E /* Frameworks */,
				A7C4CDA526C325780026414E /* Resources */,
			);
			buildRules = (
			);
			dependencies = (
			);
			name = "Weather to Be";
			productName = "Weather to Be";
			productReference = A7C4CDA726C325780026414E /* Weather to Be.app */;
			productType = "com.apple.product-type.application";
		};
/* End PBXNativeTarget section */

/* Begin PBXProject section */
		A7C4CD9F26C325780026414E /* Project object */ = {
			isa = PBXProject;
			attributes = {
				LastSwiftUpdateCheck = 1250;
				LastUpgradeCheck = 1250;
				TargetAttributes = {
					A7C4CDA626C325780026414E = {
						CreatedOnToolsVersion = 12.5.1;
					};
				};
			};
			buildConfigurationList = A7C4CDA226C325780026414E /* Build configuration list for PBXProject "Weather to Be" */;
			compatibilityVersion = "Xcode 9.3";
			developmentRegion = en;
			hasScannedForEncodings = 0;
			knownRegions = (
				en,
				Base,
			);
			mainGroup = A7C4CD9E26C325780026414E;
			productRefGroup = A7C4CDA826C325780026414E /* Products */;
			projectDirPath = "";
			projectRoot = "";
			targets = (
				A7C4CDA626C325780026414E /* Weather to Be */,
			);
		};
/* End PBXProject section */

/* Begin PBXResourcesBuildPhase section */
		A7C4CDA526C325780026414E /* Resources */ = {
			isa = PBXResourcesBuildPhase;
			buildActionMask = 2147483647;
			files = (
				A7C4CDBA26C3257A0026414E /* LaunchScreen.storyboard in Resources */,
				A7C4CDB726C3257A0026414E /* Assets.xcassets in Resources */,
				A7C4CDB226C325780026414E /* Main.storyboard in Resources */,
			);
			runOnlyForDeploymentPostprocessing = 0;
		};
/* End PBXResourcesBuildPhase section */

/* Begin PBXSourcesBuildPhase section */
		A7C4CDA326C325780026414E /* Sources */ = {
			isa = PBXSourcesBuildPhase;
			buildActionMask = 2147483647;
			files = (
				A7C4CDCA26C3435F0026414E /* SearchViewController.swift in Sources */,
				A7C4CDC826C343430026414E /* HomeViewController.swift in Sources */,
				A7C4CDD326C351930026414E /* WeatherManager.swift in Sources */,
				A7C4CDCE26C343ED0026414E /* FavoritesViewController.swift in Sources */,
				A7C4CDD726C351D00026414E /* WeatherModel.swift in Sources */,
				A7C4CDAF26C325780026414E /* ViewController.swift in Sources */,
				A7C4CDAB26C325780026414E /* AppDelegate.swift in Sources */,
				A7C4CDB526C325780026414E /* Weather_to_Be.xcdatamodeld in Sources */,
				A7C4CDD526C351B50026414E /* WeatherData.swift in Sources */,
				A7C4CDAD26C325780026414E /* SceneDelegate.swift in Sources */,
			);
			runOnlyForDeploymentPostprocessing = 0;
		};
/* End PBXSourcesBuildPhase section */

/* Begin PBXVariantGroup section */
		A7C4CDB026C325780026414E /* Main.storyboard */ = {
			isa = PBXVariantGroup;
			children = (
				A7C4CDB126C325780026414E /* Base */,
			);
			name = Main.storyboard;
			sourceTree = "<group>";
		};
		A7C4CDB826C3257A0026414E /* LaunchScreen.storyboard */ = {
			isa = PBXVariantGroup;
			children = (
				A7C4CDB926C3257A0026414E /* Base */,
			);
			name = LaunchScreen.storyboard;
			sourceTree = "<group>";
		};
/* End PBXVariantGroup section */

/* Begin XCBuildConfiguration section */
		A7C4CDBC26C3257A0026414E /* Debug */ = {
			isa = XCBuildConfiguration;
			buildSettings = {
				ALWAYS_SEARCH_USER_PATHS = NO;
				CLANG_ANALYZER_NONNULL = YES;
				CLANG_ANALYZER_NUMBER_OBJECT_CONVERSION = YES_AGGRESSIVE;
				CLANG_CXX_LANGUAGE_STANDARD = "gnu++14";
				CLANG_CXX_LIBRARY = "libc++";
				CLANG_ENABLE_MODULES = YES;
				CLANG_ENABLE_OBJC_ARC = YES;
				CLANG_ENABLE_OBJC_WEAK = YES;
				CLANG_WARN_BLOCK_CAPTURE_AUTORELEASING = YES;
				CLANG_WARN_BOOL_CONVERSION = YES;
				CLANG_WARN_COMMA = YES;
				CLANG_WARN_CONSTANT_CONVERSION = YES;
				CLANG_WARN_DEPRECATED_OBJC_IMPLEMENTATIONS = YES;
				CLANG_WARN_DIRECT_OBJC_ISA_USAGE = YES_ERROR;
				CLANG_WARN_DOCUMENTATION_COMMENTS = YES;
				CLANG_WARN_EMPTY_BODY = YES;
				CLANG_WARN_ENUM_CONVERSION = YES;
				CLANG_WARN_INFINITE_RECURSION = YES;
				CLANG_WARN_INT_CONVERSION = YES;
				CLANG_WARN_NON_LITERAL_NULL_CONVERSION = YES;
				CLANG_WARN_OBJC_IMPLICIT_RETAIN_SELF = YES;
				CLANG_WARN_OBJC_LITERAL_CONVERSION = YES;
				CLANG_WARN_OBJC_ROOT_CLASS = YES_ERROR;
				CLANG_WARN_QUOTED_INCLUDE_IN_FRAMEWORK_HEADER = YES;
				CLANG_WARN_RANGE_LOOP_ANALYSIS = YES;
				CLANG_WARN_STRICT_PROTOTYPES = YES;
				CLANG_WARN_SUSPICIOUS_MOVE = YES;
				CLANG_WARN_UNGUARDED_AVAILABILITY = YES_AGGRESSIVE;
				CLANG_WARN_UNREACHABLE_CODE = YES;
				CLANG_WARN__DUPLICATE_METHOD_MATCH = YES;
				COPY_PHASE_STRIP = NO;
				DEBUG_INFORMATION_FORMAT = dwarf;
				ENABLE_STRICT_OBJC_MSGSEND = YES;
				ENABLE_TESTABILITY = YES;
				GCC_C_LANGUAGE_STANDARD = gnu11;
				GCC_DYNAMIC_NO_PIC = NO;
				GCC_NO_COMMON_BLOCKS = YES;
				GCC_OPTIMIZATION_LEVEL = 0;
				GCC_PREPROCESSOR_DEFINITIONS = (
					"DEBUG=1",
					"$(inherited)",
				);
				GCC_WARN_64_TO_32_BIT_CONVERSION = YES;
				GCC_WARN_ABOUT_RETURN_TYPE = YES_ERROR;
				GCC_WARN_UNDECLARED_SELECTOR = YES;
				GCC_WARN_UNINITIALIZED_AUTOS = YES_AGGRESSIVE;
				GCC_WARN_UNUSED_FUNCTION = YES;
				GCC_WARN_UNUSED_VARIABLE = YES;
				IPHONEOS_DEPLOYMENT_TARGET = 14.5;
				MTL_ENABLE_DEBUG_INFO = INCLUDE_SOURCE;
				MTL_FAST_MATH = YES;
				ONLY_ACTIVE_ARCH = YES;
				SDKROOT = iphoneos;
				SWIFT_ACTIVE_COMPILATION_CONDITIONS = DEBUG;
				SWIFT_OPTIMIZATION_LEVEL = "-Onone";
			};
			name = Debug;
		};
		A7C4CDBD26C3257A0026414E /* Release */ = {
			isa = XCBuildConfiguration;
			buildSettings = {
				ALWAYS_SEARCH_USER_PATHS = NO;
				CLANG_ANALYZER_NONNULL = YES;
				CLANG_ANALYZER_NUMBER_OBJECT_CONVERSION = YES_AGGRESSIVE;
				CLANG_CXX_LANGUAGE_STANDARD = "gnu++14";
				CLANG_CXX_LIBRARY = "libc++";
				CLANG_ENABLE_MODULES = YES;
				CLANG_ENABLE_OBJC_ARC = YES;
				CLANG_ENABLE_OBJC_WEAK = YES;
				CLANG_WARN_BLOCK_CAPTURE_AUTORELEASING = YES;
				CLANG_WARN_BOOL_CONVERSION = YES;
				CLANG_WARN_COMMA = YES;
				CLANG_WARN_CONSTANT_CONVERSION = YES;
				CLANG_WARN_DEPRECATED_OBJC_IMPLEMENTATIONS = YES;
				CLANG_WARN_DIRECT_OBJC_ISA_USAGE = YES_ERROR;
				CLANG_WARN_DOCUMENTATION_COMMENTS = YES;
				CLANG_WARN_EMPTY_BODY = YES;
				CLANG_WARN_ENUM_CONVERSION = YES;
				CLANG_WARN_INFINITE_RECURSION = YES;
				CLANG_WARN_INT_CONVERSION = YES;
				CLANG_WARN_NON_LITERAL_NULL_CONVERSION = YES;
				CLANG_WARN_OBJC_IMPLICIT_RETAIN_SELF = YES;
				CLANG_WARN_OBJC_LITERAL_CONVERSION = YES;
				CLANG_WARN_OBJC_ROOT_CLASS = YES_ERROR;
				CLANG_WARN_QUOTED_INCLUDE_IN_FRAMEWORK_HEADER = YES;
				CLANG_WARN_RANGE_LOOP_ANALYSIS = YES;
				CLANG_WARN_STRICT_PROTOTYPES = YES;
				CLANG_WARN_SUSPICIOUS_MOVE = YES;
				CLANG_WARN_UNGUARDED_AVAILABILITY = YES_AGGRESSIVE;
				CLANG_WARN_UNREACHABLE_CODE = YES;
				CLANG_WARN__DUPLICATE_METHOD_MATCH = YES;
				COPY_PHASE_STRIP = NO;
				DEBUG_INFORMATION_FORMAT = "dwarf-with-dsym";
				ENABLE_NS_ASSERTIONS = NO;
				ENABLE_STRICT_OBJC_MSGSEND = YES;
				GCC_C_LANGUAGE_STANDARD = gnu11;
				GCC_NO_COMMON_BLOCKS = YES;
				GCC_WARN_64_TO_32_BIT_CONVERSION = YES;
				GCC_WARN_ABOUT_RETURN_TYPE = YES_ERROR;
				GCC_WARN_UNDECLARED_SELECTOR = YES;
				GCC_WARN_UNINITIALIZED_AUTOS = YES_AGGRESSIVE;
				GCC_WARN_UNUSED_FUNCTION = YES;
				GCC_WARN_UNUSED_VARIABLE = YES;
				IPHONEOS_DEPLOYMENT_TARGET = 14.5;
				MTL_ENABLE_DEBUG_INFO = NO;
				MTL_FAST_MATH = YES;
				SDKROOT = iphoneos;
				SWIFT_COMPILATION_MODE = wholemodule;
				SWIFT_OPTIMIZATION_LEVEL = "-O";
				VALIDATE_PRODUCT = YES;
			};
			name = Release;
		};
		A7C4CDBF26C3257A0026414E /* Debug */ = {
			isa = XCBuildConfiguration;
			buildSettings = {
				ASSETCATALOG_COMPILER_APPICON_NAME = AppIcon;
				ASSETCATALOG_COMPILER_GLOBAL_ACCENT_COLOR_NAME = AccentColor;
				CODE_SIGN_STYLE = Automatic;
				DEVELOPMENT_TEAM = 585N3Q4BRY;
				INFOPLIST_FILE = "Weather to Be/Info.plist";
				LD_RUNPATH_SEARCH_PATHS = (
					"$(inherited)",
					"@executable_path/Frameworks",
				);
				PRODUCT_BUNDLE_IDENTIFIER = "com.NateHowell.Weather-to-Be";
				PRODUCT_NAME = "$(TARGET_NAME)";
				SWIFT_VERSION = 5.0;
				TARGETED_DEVICE_FAMILY = "1,2";
			};
			name = Debug;
		};
		A7C4CDC026C3257A0026414E /* Release */ = {
			isa = XCBuildConfiguration;
			buildSettings = {
				ASSETCATALOG_COMPILER_APPICON_NAME = AppIcon;
				ASSETCATALOG_COMPILER_GLOBAL_ACCENT_COLOR_NAME = AccentColor;
				CODE_SIGN_STYLE = Automatic;
				DEVELOPMENT_TEAM = 585N3Q4BRY;
				INFOPLIST_FILE = "Weather to Be/Info.plist";
				LD_RUNPATH_SEARCH_PATHS = (
					"$(inherited)",
					"@executable_path/Frameworks",
				);
				PRODUCT_BUNDLE_IDENTIFIER = "com.NateHowell.Weather-to-Be";
				PRODUCT_NAME = "$(TARGET_NAME)";
				SWIFT_VERSION = 5.0;
				TARGETED_DEVICE_FAMILY = "1,2";
			};
			name = Release;
		};
/* End XCBuildConfiguration section */

/* Begin XCConfigurationList section */
		A7C4CDA226C325780026414E /* Build configuration list for PBXProject "Weather to Be" */ = {
			isa = XCConfigurationList;
			buildConfigurations = (
				A7C4CDBC26C3257A0026414E /* Debug */,
				A7C4CDBD26C3257A0026414E /* Release */,
			);
			defaultConfigurationIsVisible = 0;
			defaultConfigurationName = Release;
		};
		A7C4CDBE26C3257A0026414E /* Build configuration list for PBXNativeTarget "Weather to Be" */ = {
			isa = XCConfigurationList;
			buildConfigurations = (
				A7C4CDBF26C3257A0026414E /* Debug */,
				A7C4CDC026C3257A0026414E /* Release */,
			);
			defaultConfigurationIsVisible = 0;
			defaultConfigurationName = Release;
		};
/* End XCConfigurationList section */

/* Begin XCVersionGroup section */
		A7C4CDB326C325780026414E /* Weather_to_Be.xcdatamodeld */ = {
			isa = XCVersionGroup;
			children = (
				A7C4CDB426C325780026414E /* Weather_to_Be.xcdatamodel */,
			);
			currentVersion = A7C4CDB426C325780026414E /* Weather_to_Be.xcdatamodel */;
			path = Weather_to_Be.xcdatamodeld;
			sourceTree = "<group>";
			versionGroupType = wrapper.xcdatamodel;
		};
/* End XCVersionGroup section */
	};
	rootObject = A7C4CD9F26C325780026414E /* Project object */;
}
